// !$*UTF8*$!
{
	archiveVersion = 1;
	classes = {
	};
	objectVersion = 56;
	objects = {

/* Begin PBXBuildFile section */
		0657F13629A46629001C9A88 /* View1.swift in Sources */ = {isa = PBXBuildFile; fileRef = 0657F13529A46629001C9A88 /* View1.swift */; };
		0657F13829A46631001C9A88 /* View2.swift in Sources */ = {isa = PBXBuildFile; fileRef = 0657F13729A46631001C9A88 /* View2.swift */; };
		0659767B29A6F47300D34497 /* AlignSwiftView.swift in Sources */ = {isa = PBXBuildFile; fileRef = 0659767A29A6F47300D34497 /* AlignSwiftView.swift */; };
		0659767E29A6F8D700D34497 /* ListViewBootCamp.swift in Sources */ = {isa = PBXBuildFile; fileRef = 0659767D29A6F8D700D34497 /* ListViewBootCamp.swift */; };
		0681C32E29A84D8F00D567DC /* DismissKeyboardOnScrollView.swift in Sources */ = {isa = PBXBuildFile; fileRef = 0681C32D29A84D8F00D567DC /* DismissKeyboardOnScrollView.swift */; };
		06A15FFD29B3651600978924 /* WidgetKit.framework in Frameworks */ = {isa = PBXBuildFile; fileRef = 06A15FFC29B3651600978924 /* WidgetKit.framework */; };
		06A15FFF29B3652800978924 /* MyWidgetEntryView.swift in Sources */ = {isa = PBXBuildFile; fileRef = 06A15FFE29B3652800978924 /* MyWidgetEntryView.swift */; };
		06BCE9DA29A35A7500D6BEC4 /* AnswerOnStackoverflowApp.swift in Sources */ = {isa = PBXBuildFile; fileRef = 06BCE9D929A35A7500D6BEC4 /* AnswerOnStackoverflowApp.swift */; };
		06BCE9DC29A35A7500D6BEC4 /* ContentView.swift in Sources */ = {isa = PBXBuildFile; fileRef = 06BCE9DB29A35A7500D6BEC4 /* ContentView.swift */; };
		06BCE9DE29A35A7700D6BEC4 /* Assets.xcassets in Resources */ = {isa = PBXBuildFile; fileRef = 06BCE9DD29A35A7700D6BEC4 /* Assets.xcassets */; };
		06BCE9E129A35A7700D6BEC4 /* Preview Assets.xcassets in Resources */ = {isa = PBXBuildFile; fileRef = 06BCE9E029A35A7700D6BEC4 /* Preview Assets.xcassets */; };
		06BCE9E929A35ABD00D6BEC4 /* DismissKeyboard.swift in Sources */ = {isa = PBXBuildFile; fileRef = 06BCE9E829A35ABD00D6BEC4 /* DismissKeyboard.swift */; };
/* End PBXBuildFile section */

/* Begin PBXFileReference section */
		0657F13529A46629001C9A88 /* View1.swift */ = {isa = PBXFileReference; lastKnownFileType = sourcecode.swift; path = View1.swift; sourceTree = "<group>"; };
		0657F13729A46631001C9A88 /* View2.swift */ = {isa = PBXFileReference; lastKnownFileType = sourcecode.swift; path = View2.swift; sourceTree = "<group>"; };
		0659767A29A6F47300D34497 /* AlignSwiftView.swift */ = {isa = PBXFileReference; lastKnownFileType = sourcecode.swift; path = AlignSwiftView.swift; sourceTree = "<group>"; };
		0659767D29A6F8D700D34497 /* ListViewBootCamp.swift */ = {isa = PBXFileReference; lastKnownFileType = sourcecode.swift; path = ListViewBootCamp.swift; sourceTree = "<group>"; };
		0681C32D29A84D8F00D567DC /* DismissKeyboardOnScrollView.swift */ = {isa = PBXFileReference; lastKnownFileType = sourcecode.swift; path = DismissKeyboardOnScrollView.swift; sourceTree = "<group>"; };
		06A15FFC29B3651600978924 /* WidgetKit.framework */ = {isa = PBXFileReference; lastKnownFileType = wrapper.framework; name = WidgetKit.framework; path = System/Library/Frameworks/WidgetKit.framework; sourceTree = SDKROOT; };
		06A15FFE29B3652800978924 /* MyWidgetEntryView.swift */ = {isa = PBXFileReference; lastKnownFileType = sourcecode.swift; path = MyWidgetEntryView.swift; sourceTree = "<group>"; };
		06BCE9D629A35A7500D6BEC4 /* AnswerOnStackoverflow.app */ = {isa = PBXFileReference; explicitFileType = wrapper.application; includeInIndex = 0; path = AnswerOnStackoverflow.app; sourceTree = BUILT_PRODUCTS_DIR; };
		06BCE9D929A35A7500D6BEC4 /* AnswerOnStackoverflowApp.swift */ = {isa = PBXFileReference; lastKnownFileType = sourcecode.swift; path = AnswerOnStackoverflowApp.swift; sourceTree = "<group>"; };
		06BCE9DB29A35A7500D6BEC4 /* ContentView.swift */ = {isa = PBXFileReference; lastKnownFileType = sourcecode.swift; path = ContentView.swift; sourceTree = "<group>"; };
		06BCE9DD29A35A7700D6BEC4 /* Assets.xcassets */ = {isa = PBXFileReference; lastKnownFileType = folder.assetcatalog; path = Assets.xcassets; sourceTree = "<group>"; };
		06BCE9E029A35A7700D6BEC4 /* Preview Assets.xcassets */ = {isa = PBXFileReference; lastKnownFileType = folder.assetcatalog; path = "Preview Assets.xcassets"; sourceTree = "<group>"; };
		06BCE9E829A35ABD00D6BEC4 /* DismissKeyboard.swift */ = {isa = PBXFileReference; lastKnownFileType = sourcecode.swift; path = DismissKeyboard.swift; sourceTree = "<group>"; };
/* End PBXFileReference section */

/* Begin PBXFrameworksBuildPhase section */
		06BCE9D329A35A7500D6BEC4 /* Frameworks */ = {
			isa = PBXFrameworksBuildPhase;
			buildActionMask = 2147483647;
			files = (
				06A15FFD29B3651600978924 /* WidgetKit.framework in Frameworks */,
			);
			runOnlyForDeploymentPostprocessing = 0;
		};
/* End PBXFrameworksBuildPhase section */

/* Begin PBXGroup section */
		0657F13429A4660E001C9A88 /* NavigationView */ = {
			isa = PBXGroup;
			children = (
				0657F13529A46629001C9A88 /* View1.swift */,
				0657F13729A46631001C9A88 /* View2.swift */,
			);
			path = NavigationView;
			sourceTree = "<group>";
		};
		0659767929A6F30600D34497 /* AlignSwift */ = {
			isa = PBXGroup;
			children = (
				0659767A29A6F47300D34497 /* AlignSwiftView.swift */,
			);
			path = AlignSwift;
			sourceTree = "<group>";
		};
		0659767C29A6F89400D34497 /* SpaceonTopOfList */ = {
			isa = PBXGroup;
			children = (
				0659767D29A6F8D700D34497 /* ListViewBootCamp.swift */,
			);
			path = SpaceonTopOfList;
			sourceTree = "<group>";
		};
		06A15FFB29B3651600978924 /* Frameworks */ = {
			isa = PBXGroup;
			children = (
				06A15FFC29B3651600978924 /* WidgetKit.framework */,
			);
			name = Frameworks;
			sourceTree = "<group>";
		};
		06BCE9CD29A35A7500D6BEC4 = {
			isa = PBXGroup;
			children = (
				06BCE9D829A35A7500D6BEC4 /* AnswerOnStackoverflow */,
				06BCE9D729A35A7500D6BEC4 /* Products */,
				06A15FFB29B3651600978924 /* Frameworks */,
			);
			sourceTree = "<group>";
		};
		06BCE9D729A35A7500D6BEC4 /* Products */ = {
			isa = PBXGroup;
			children = (
				06BCE9D629A35A7500D6BEC4 /* AnswerOnStackoverflow.app */,
			);
			name = Products;
			sourceTree = "<group>";
		};
		06BCE9D829A35A7500D6BEC4 /* AnswerOnStackoverflow */ = {
			isa = PBXGroup;
			children = (
				06BCE9D929A35A7500D6BEC4 /* AnswerOnStackoverflowApp.swift */,
				06BCE9DB29A35A7500D6BEC4 /* ContentView.swift */,
				0681C32D29A84D8F00D567DC /* DismissKeyboardOnScrollView.swift */,
				06BCE9E729A35A8900D6BEC4 /* Keyboard */,
				0657F13429A4660E001C9A88 /* NavigationView */,
				0659767C29A6F89400D34497 /* SpaceonTopOfList */,
				0659767929A6F30600D34497 /* AlignSwift */,
				06BCE9DD29A35A7700D6BEC4 /* Assets.xcassets */,
				06BCE9DF29A35A7700D6BEC4 /* Preview Content */,
				06A15FFE29B3652800978924 /* MyWidgetEntryView.swift */,
			);
			path = AnswerOnStackoverflow;
			sourceTree = "<group>";
		};
		06BCE9DF29A35A7700D6BEC4 /* Preview Content */ = {
			isa = PBXGroup;
			children = (
				06BCE9E029A35A7700D6BEC4 /* Preview Assets.xcassets */,
			);
			path = "Preview Content";
			sourceTree = "<group>";
		};
		06BCE9E729A35A8900D6BEC4 /* Keyboard */ = {
			isa = PBXGroup;
			children = (
				06BCE9E829A35ABD00D6BEC4 /* DismissKeyboard.swift */,
			);
			path = Keyboard;
			sourceTree = "<group>";
		};
/* End PBXGroup section */

/* Begin PBXNativeTarget section */
		06BCE9D529A35A7500D6BEC4 /* AnswerOnStackoverflow */ = {
			isa = PBXNativeTarget;
			buildConfigurationList = 06BCE9E429A35A7700D6BEC4 /* Build configuration list for PBXNativeTarget "AnswerOnStackoverflow" */;
			buildPhases = (
				06BCE9D229A35A7500D6BEC4 /* Sources */,
				06BCE9D329A35A7500D6BEC4 /* Frameworks */,
				06BCE9D429A35A7500D6BEC4 /* Resources */,
			);
			buildRules = (
			);
			dependencies = (
			);
			name = AnswerOnStackoverflow;
			productName = AnswerOnStackoverflow;
			productReference = 06BCE9D629A35A7500D6BEC4 /* AnswerOnStackoverflow.app */;
			productType = "com.apple.product-type.application";
		};
/* End PBXNativeTarget section */

/* Begin PBXProject section */
		06BCE9CE29A35A7500D6BEC4 /* Project object */ = {
			isa = PBXProject;
			attributes = {
				BuildIndependentTargetsInParallel = 1;
				LastSwiftUpdateCheck = 1420;
				LastUpgradeCheck = 1420;
				TargetAttributes = {
					06BCE9D529A35A7500D6BEC4 = {
						CreatedOnToolsVersion = 14.2;
					};
				};
			};
			buildConfigurationList = 06BCE9D129A35A7500D6BEC4 /* Build configuration list for PBXProject "AnswerOnStackoverflow" */;
			compatibilityVersion = "Xcode 14.0";
			developmentRegion = en;
			hasScannedForEncodings = 0;
			knownRegions = (
				en,
				Base,
			);
			mainGroup = 06BCE9CD29A35A7500D6BEC4;
			productRefGroup = 06BCE9D729A35A7500D6BEC4 /* Products */;
			projectDirPath = "";
			projectRoot = "";
			targets = (
				06BCE9D529A35A7500D6BEC4 /* AnswerOnStackoverflow */,
			);
		};
/* End PBXProject section */

/* Begin PBXResourcesBuildPhase section */
		06BCE9D429A35A7500D6BEC4 /* Resources */ = {
			isa = PBXResourcesBuildPhase;
			buildActionMask = 2147483647;
			files = (
				06BCE9E129A35A7700D6BEC4 /* Preview Assets.xcassets in Resources */,
				06BCE9DE29A35A7700D6BEC4 /* Assets.xcassets in Resources */,
			);
			runOnlyForDeploymentPostprocessing = 0;
		};
/* End PBXResourcesBuildPhase section */

/* Begin PBXSourcesBuildPhase section */
		06BCE9D229A35A7500D6BEC4 /* Sources */ = {
			isa = PBXSourcesBuildPhase;
			buildActionMask = 2147483647;
			files = (
				0681C32E29A84D8F00D567DC /* DismissKeyboardOnScrollView.swift in Sources */,
				0659767B29A6F47300D34497 /* AlignSwiftView.swift in Sources */,
				06A15FFF29B3652800978924 /* MyWidgetEntryView.swift in Sources */,
				0657F13829A46631001C9A88 /* View2.swift in Sources */,
				06BCE9DC29A35A7500D6BEC4 /* ContentView.swift in Sources */,
				06BCE9DA29A35A7500D6BEC4 /* AnswerOnStackoverflowApp.swift in Sources */,
				0657F13629A46629001C9A88 /* View1.swift in Sources */,
				06BCE9E929A35ABD00D6BEC4 /* DismissKeyboard.swift in Sources */,
				0659767E29A6F8D700D34497 /* ListViewBootCamp.swift in Sources */,
			);
			runOnlyForDeploymentPostprocessing = 0;
		};
/* End PBXSourcesBuildPhase section */

/* Begin XCBuildConfiguration section */
		06BCE9E229A35A7700D6BEC4 /* Debug */ = {
			isa = XCBuildConfiguration;
			buildSettings = {
				ALWAYS_SEARCH_USER_PATHS = NO;
				CLANG_ANALYZER_NONNULL = YES;
				CLANG_ANALYZER_NUMBER_OBJECT_CONVERSION = YES_AGGRESSIVE;
				CLANG_CXX_LANGUAGE_STANDARD = "gnu++20";
				CLANG_ENABLE_MODULES = YES;
				CLANG_ENABLE_OBJC_ARC = YES;
				CLANG_ENABLE_OBJC_WEAK = YES;
				CLANG_WARN_BLOCK_CAPTURE_AUTORELEASING = YES;
				CLANG_WARN_BOOL_CONVERSION = YES;
				CLANG_WARN_COMMA = YES;
				CLANG_WARN_CONSTANT_CONVERSION = YES;
				CLANG_WARN_DEPRECATED_OBJC_IMPLEMENTATIONS = YES;
				CLANG_WARN_DIRECT_OBJC_ISA_USAGE = YES_ERROR;
				CLANG_WARN_DOCUMENTATION_COMMENTS = YES;
				CLANG_WARN_EMPTY_BODY = YES;
				CLANG_WARN_ENUM_CONVERSION = YES;
				CLANG_WARN_INFINITE_RECURSION = YES;
				CLANG_WARN_INT_CONVERSION = YES;
				CLANG_WARN_NON_LITERAL_NULL_CONVERSION = YES;
				CLANG_WARN_OBJC_IMPLICIT_RETAIN_SELF = YES;
				CLANG_WARN_OBJC_LITERAL_CONVERSION = YES;
				CLANG_WARN_OBJC_ROOT_CLASS = YES_ERROR;
				CLANG_WARN_QUOTED_INCLUDE_IN_FRAMEWORK_HEADER = YES;
				CLANG_WARN_RANGE_LOOP_ANALYSIS = YES;
				CLANG_WARN_STRICT_PROTOTYPES = YES;
				CLANG_WARN_SUSPICIOUS_MOVE = YES;
				CLANG_WARN_UNGUARDED_AVAILABILITY = YES_AGGRESSIVE;
				CLANG_WARN_UNREACHABLE_CODE = YES;
				CLANG_WARN__DUPLICATE_METHOD_MATCH = YES;
				COPY_PHASE_STRIP = NO;
				DEBUG_INFORMATION_FORMAT = dwarf;
				ENABLE_STRICT_OBJC_MSGSEND = YES;
				ENABLE_TESTABILITY = YES;
				GCC_C_LANGUAGE_STANDARD = gnu11;
				GCC_DYNAMIC_NO_PIC = NO;
				GCC_NO_COMMON_BLOCKS = YES;
				GCC_OPTIMIZATION_LEVEL = 0;
				GCC_PREPROCESSOR_DEFINITIONS = (
					"DEBUG=1",
					"$(inherited)",
				);
				GCC_WARN_64_TO_32_BIT_CONVERSION = YES;
				GCC_WARN_ABOUT_RETURN_TYPE = YES_ERROR;
				GCC_WARN_UNDECLARED_SELECTOR = YES;
				GCC_WARN_UNINITIALIZED_AUTOS = YES_AGGRESSIVE;
				GCC_WARN_UNUSED_FUNCTION = YES;
				GCC_WARN_UNUSED_VARIABLE = YES;
				IPHONEOS_DEPLOYMENT_TARGET = 16.2;
				MTL_ENABLE_DEBUG_INFO = INCLUDE_SOURCE;
				MTL_FAST_MATH = YES;
				ONLY_ACTIVE_ARCH = YES;
				SDKROOT = iphoneos;
				SWIFT_ACTIVE_COMPILATION_CONDITIONS = DEBUG;
				SWIFT_OPTIMIZATION_LEVEL = "-Onone";
			};
			name = Debug;
		};
		06BCE9E329A35A7700D6BEC4 /* Release */ = {
			isa = XCBuildConfiguration;
			buildSettings = {
				ALWAYS_SEARCH_USER_PATHS = NO;
				CLANG_ANALYZER_NONNULL = YES;
				CLANG_ANALYZER_NUMBER_OBJECT_CONVERSION = YES_AGGRESSIVE;
				CLANG_CXX_LANGUAGE_STANDARD = "gnu++20";
				CLANG_ENABLE_MODULES = YES;
				CLANG_ENABLE_OBJC_ARC = YES;
				CLANG_ENABLE_OBJC_WEAK = YES;
				CLANG_WARN_BLOCK_CAPTURE_AUTORELEASING = YES;
				CLANG_WARN_BOOL_CONVERSION = YES;
				CLANG_WARN_COMMA = YES;
				CLANG_WARN_CONSTANT_CONVERSION = YES;
				CLANG_WARN_DEPRECATED_OBJC_IMPLEMENTATIONS = YES;
				CLANG_WARN_DIRECT_OBJC_ISA_USAGE = YES_ERROR;
				CLANG_WARN_DOCUMENTATION_COMMENTS = YES;
				CLANG_WARN_EMPTY_BODY = YES;
				CLANG_WARN_ENUM_CONVERSION = YES;
				CLANG_WARN_INFINITE_RECURSION = YES;
				CLANG_WARN_INT_CONVERSION = YES;
				CLANG_WARN_NON_LITERAL_NULL_CONVERSION = YES;
				CLANG_WARN_OBJC_IMPLICIT_RETAIN_SELF = YES;
				CLANG_WARN_OBJC_LITERAL_CONVERSION = YES;
				CLANG_WARN_OBJC_ROOT_CLASS = YES_ERROR;
				CLANG_WARN_QUOTED_INCLUDE_IN_FRAMEWORK_HEADER = YES;
				CLANG_WARN_RANGE_LOOP_ANALYSIS = YES;
				CLANG_WARN_STRICT_PROTOTYPES = YES;
				CLANG_WARN_SUSPICIOUS_MOVE = YES;
				CLANG_WARN_UNGUARDED_AVAILABILITY = YES_AGGRESSIVE;
				CLANG_WARN_UNREACHABLE_CODE = YES;
				CLANG_WARN__DUPLICATE_METHOD_MATCH = YES;
				COPY_PHASE_STRIP = NO;
				DEBUG_INFORMATION_FORMAT = "dwarf-with-dsym";
				ENABLE_NS_ASSERTIONS = NO;
				ENABLE_STRICT_OBJC_MSGSEND = YES;
				GCC_C_LANGUAGE_STANDARD = gnu11;
				GCC_NO_COMMON_BLOCKS = YES;
				GCC_WARN_64_TO_32_BIT_CONVERSION = YES;
				GCC_WARN_ABOUT_RETURN_TYPE = YES_ERROR;
				GCC_WARN_UNDECLARED_SELECTOR = YES;
				GCC_WARN_UNINITIALIZED_AUTOS = YES_AGGRESSIVE;
				GCC_WARN_UNUSED_FUNCTION = YES;
				GCC_WARN_UNUSED_VARIABLE = YES;
				IPHONEOS_DEPLOYMENT_TARGET = 16.2;
				MTL_ENABLE_DEBUG_INFO = NO;
				MTL_FAST_MATH = YES;
				SDKROOT = iphoneos;
				SWIFT_COMPILATION_MODE = wholemodule;
				SWIFT_OPTIMIZATION_LEVEL = "-O";
				VALIDATE_PRODUCT = YES;
			};
			name = Release;
		};
		06BCE9E529A35A7700D6BEC4 /* Debug */ = {
			isa = XCBuildConfiguration;
			buildSettings = {
				ASSETCATALOG_COMPILER_APPICON_NAME = AppIcon;
				ASSETCATALOG_COMPILER_GLOBAL_ACCENT_COLOR_NAME = AccentColor;
				CODE_SIGN_STYLE = Automatic;
				CURRENT_PROJECT_VERSION = 1;
				DEVELOPMENT_ASSET_PATHS = "\"AnswerOnStackoverflow/Preview Content\"";
				DEVELOPMENT_TEAM = 84ZVHZY7F4;
				ENABLE_PREVIEWS = YES;
				GENERATE_INFOPLIST_FILE = YES;
				INFOPLIST_KEY_UIApplicationSceneManifest_Generation = YES;
				INFOPLIST_KEY_UIApplicationSupportsIndirectInputEvents = YES;
				INFOPLIST_KEY_UILaunchScreen_Generation = YES;
				INFOPLIST_KEY_UISupportedInterfaceOrientations_iPad = "UIInterfaceOrientationPortrait UIInterfaceOrientationPortraitUpsideDown UIInterfaceOrientationLandscapeLeft UIInterfaceOrientationLandscapeRight";
				INFOPLIST_KEY_UISupportedInterfaceOrientations_iPhone = "UIInterfaceOrientationPortrait UIInterfaceOrientationLandscapeLeft UIInterfaceOrientationLandscapeRight";
				LD_RUNPATH_SEARCH_PATHS = (
					"$(inherited)",
					"@executable_path/Frameworks",
				);
				MARKETING_VERSION = 1.0;
				PRODUCT_BUNDLE_IDENTIFIER = com.BaoHoang.AnswerOnStackoverflow;
				PRODUCT_NAME = "$(TARGET_NAME)";
				SWIFT_EMIT_LOC_STRINGS = YES;
				SWIFT_VERSION = 5.0;
				TARGETED_DEVICE_FAMILY = "1,2";
			};
			name = Debug;
		};
		06BCE9E629A35A7700D6BEC4 /* Release */ = {
			isa = XCBuildConfiguration;
			buildSettings = {
				ASSETCATALOG_COMPILER_APPICON_NAME = AppIcon;
				ASSETCATALOG_COMPILER_GLOBAL_ACCENT_COLOR_NAME = AccentColor;
				CODE_SIGN_STYLE = Automatic;
				CURRENT_PROJECT_VERSION = 1;
				DEVELOPMENT_ASSET_PATHS = "\"AnswerOnStackoverflow/Preview Content\"";
				DEVELOPMENT_TEAM = 84ZVHZY7F4;
				ENABLE_PREVIEWS = YES;
				GENERATE_INFOPLIST_FILE = YES;
				INFOPLIST_KEY_UIApplicationSceneManifest_Generation = YES;
				INFOPLIST_KEY_UIApplicationSupportsIndirectInputEvents = YES;
				INFOPLIST_KEY_UILaunchScreen_Generation = YES;
				INFOPLIST_KEY_UISupportedInterfaceOrientations_iPad = "UIInterfaceOrientationPortrait UIInterfaceOrientationPortraitUpsideDown UIInterfaceOrientationLandscapeLeft UIInterfaceOrientationLandscapeRight";
				INFOPLIST_KEY_UISupportedInterfaceOrientations_iPhone = "UIInterfaceOrientationPortrait UIInterfaceOrientationLandscapeLeft UIInterfaceOrientationLandscapeRight";
				LD_RUNPATH_SEARCH_PATHS = (
					"$(inherited)",
					"@executable_path/Frameworks",
				);
				MARKETING_VERSION = 1.0;
				PRODUCT_BUNDLE_IDENTIFIER = com.BaoHoang.AnswerOnStackoverflow;
				PRODUCT_NAME = "$(TARGET_NAME)";
				SWIFT_EMIT_LOC_STRINGS = YES;
				SWIFT_VERSION = 5.0;
				TARGETED_DEVICE_FAMILY = "1,2";
			};
			name = Release;
		};
/* End XCBuildConfiguration section */

/* Begin XCConfigurationList section */
		06BCE9D129A35A7500D6BEC4 /* Build configuration list for PBXProject "AnswerOnStackoverflow" */ = {
			isa = XCConfigurationList;
			buildConfigurations = (
				06BCE9E229A35A7700D6BEC4 /* Debug */,
				06BCE9E329A35A7700D6BEC4 /* Release */,
			);
			defaultConfigurationIsVisible = 0;
			defaultConfigurationName = Release;
		};
		06BCE9E429A35A7700D6BEC4 /* Build configuration list for PBXNativeTarget "AnswerOnStackoverflow" */ = {
			isa = XCConfigurationList;
			buildConfigurations = (
				06BCE9E529A35A7700D6BEC4 /* Debug */,
				06BCE9E629A35A7700D6BEC4 /* Release */,
			);
			defaultConfigurationIsVisible = 0;
			defaultConfigurationName = Release;
		};
/* End XCConfigurationList section */
	};
	rootObject = 06BCE9CE29A35A7500D6BEC4 /* Project object */;
}
